
Microsoft Visual Studio Solution File, Format Version 12.00
# Visual Studio Version 16
VisualStudioVersion = 16.0.31410.357
MinimumVisualStudioVersion = 10.0.40219.1
Project("{9A19103F-16F7-4668-BE54-9A1E7A4F7556}") = "HelloWorld", "HelloWorld\HelloWorld.csproj", "{B4D455ED-142B-43F8-B324-1926031099A5}"
EndProject
Project("{930C7802-8A8C-48F9-8165-68863BCCD9DD}") = "DemoUse.Installer", "DemoUse.Installer\DemoUse.Installer.wixproj", "{C94A7BF1-3780-429C-8740-97E5994D49CE}"
EndProject
Global
	GlobalSection(SolutionConfigurationPlatforms) = preSolution
		Debug|Any CPU = Debug|Any CPU
		Debug|x86 = Debug|x86
		Release|Any CPU = Release|Any CPU
		Release|x86 = Release|x86
	EndGlobalSection
	GlobalSection(ProjectConfigurationPlatforms) = postSolution
		{B4D455ED-142B-43F8-B324-1926031099A5}.Debug|Any CPU.ActiveCfg = Debug|Any CPU
		{B4D455ED-142B-43F8-B324-1926031099A5}.Debug|Any CPU.Build.0 = Debug|Any CPU
		{B4D455ED-142B-43F8-B324-1926031099A5}.Debug|x86.ActiveCfg = Debug|Any CPU
		{B4D455ED-142B-43F8-B324-1926031099A5}.Debug|x86.Build.0 = Debug|Any CPU
		{B4D455ED-142B-43F8-B324-1926031099A5}.Release|Any CPU.ActiveCfg = Release|Any CPU
		{B4D455ED-142B-43F8-B324-1926031099A5}.Release|Any CPU.Build.0 = Release|Any CPU
		{B4D455ED-142B-43F8-B324-1926031099A5}.Release|x86.ActiveCfg = Release|Any CPU
		{B4D455ED-142B-43F8-B324-1926031099A5}.Release|x86.Build.0 = Release|Any CPU
		{C94A7BF1-3780-429C-8740-97E5994D49CE}.Debug|Any CPU.ActiveCfg = Debug|x86
		{C94A7BF1-3780-429C-8740-97E5994D49CE}.Debug|x86.ActiveCfg = Debug|x86
		{C94A7BF1-3780-429C-8740-97E5994D49CE}.Debug|x86.Build.0 = Debug|x86
		{C94A7BF1-3780-429C-8740-97E5994D49CE}.Release|Any CPU.ActiveCfg = Release|x86
		{C94A7BF1-3780-429C-8740-97E5994D49CE}.Release|x86.ActiveCfg = Release|x86
		{C94A7BF1-3780-429C-8740-97E5994D49CE}.Release|x86.Build.0 = Release|x86
	EndGlobalSection
	GlobalSection(SolutionProperties) = preSolution
		HideSolutionNode = FALSE
	EndGlobalSection
	GlobalSection(ExtensibilityGlobals) = postSolution
		SolutionGuid = {430CB34E-5F04-49D8-B82A-885375D4F66E}
	EndGlobalSection
EndGlobal
